
Microsoft Visual Studio Solution File, Format Version 12.00
# Visual Studio Version 16
VisualStudioVersion = 16.0.29613.14
MinimumVisualStudioVersion = 10.0.40219.1
Project("{FAE04EC0-301F-11D3-BF4B-00C04F79EFBC}") = "EJERCICIOU2_XAMARIN_TABS.Android", "EJERCICIOU2_XAMARIN_TABS\EJERCICIOU2_XAMARIN_TABS.Android\EJERCICIOU2_XAMARIN_TABS.Android.csproj", "{842655F7-95CD-460E-B07E-C7A86C5B4764}"
EndProject
Project("{FAE04EC0-301F-11D3-BF4B-00C04F79EFBC}") = "EJERCICIOU2_XAMARIN_TABS.iOS", "EJERCICIOU2_XAMARIN_TABS\EJERCICIOU2_XAMARIN_TABS.iOS\EJERCICIOU2_XAMARIN_TABS.iOS.csproj", "{23ED0A72-A632-479C-B615-ED9858FE76FB}"
EndProject
Project("{FAE04EC0-301F-11D3-BF4B-00C04F79EFBC}") = "EJERCICIOU2_XAMARIN_TABS", "EJERCICIOU2_XAMARIN_TABS\EJERCICIOU2_XAMARIN_TABS\EJERCICIOU2_XAMARIN_TABS.csproj", "{082F29D5-C122-4AED-98CB-1294A96FE9C5}"
EndProject
Global
	GlobalSection(SolutionConfigurationPlatforms) = preSolution
		Debug|Any CPU = Debug|Any CPU
		Debug|iPhone = Debug|iPhone
		Debug|iPhoneSimulator = Debug|iPhoneSimulator
		Release|Any CPU = Release|Any CPU
		Release|iPhone = Release|iPhone
		Release|iPhoneSimulator = Release|iPhoneSimulator
	EndGlobalSection
	GlobalSection(ProjectConfigurationPlatforms) = postSolution
		{842655F7-95CD-460E-B07E-C7A86C5B4764}.Debug|Any CPU.ActiveCfg = Debug|Any CPU
		{842655F7-95CD-460E-B07E-C7A86C5B4764}.Debug|Any CPU.Build.0 = Debug|Any CPU
		{842655F7-95CD-460E-B07E-C7A86C5B4764}.Debug|Any CPU.Deploy.0 = Debug|Any CPU
		{842655F7-95CD-460E-B07E-C7A86C5B4764}.Debug|iPhone.ActiveCfg = Debug|Any CPU
		{842655F7-95CD-460E-B07E-C7A86C5B4764}.Debug|iPhone.Build.0 = Debug|Any CPU
		{842655F7-95CD-460E-B07E-C7A86C5B4764}.Debug|iPhone.Deploy.0 = Debug|Any CPU
		{842655F7-95CD-460E-B07E-C7A86C5B4764}.Debug|iPhoneSimulator.ActiveCfg = Debug|Any CPU
		{842655F7-95CD-460E-B07E-C7A86C5B4764}.Debug|iPhoneSimulator.Build.0 = Debug|Any CPU
		{842655F7-95CD-460E-B07E-C7A86C5B4764}.Debug|iPhoneSimulator.Deploy.0 = Debug|Any CPU
		{842655F7-95CD-460E-B07E-C7A86C5B4764}.Release|Any CPU.ActiveCfg = Release|Any CPU
		{842655F7-95CD-460E-B07E-C7A86C5B4764}.Release|Any CPU.Build.0 = Release|Any CPU
		{842655F7-95CD-460E-B07E-C7A86C5B4764}.Release|Any CPU.Deploy.0 = Release|Any CPU
		{842655F7-95CD-460E-B07E-C7A86C5B4764}.Release|iPhone.ActiveCfg = Release|Any CPU
		{842655F7-95CD-460E-B07E-C7A86C5B4764}.Release|iPhone.Build.0 = Release|Any CPU
		{842655F7-95CD-460E-B07E-C7A86C5B4764}.Release|iPhone.Deploy.0 = Release|Any CPU
		{842655F7-95CD-460E-B07E-C7A86C5B4764}.Release|iPhoneSimulator.ActiveCfg = Release|Any CPU
		{842655F7-95CD-460E-B07E-C7A86C5B4764}.Release|iPhoneSimulator.Build.0 = Release|Any CPU
		{842655F7-95CD-460E-B07E-C7A86C5B4764}.Release|iPhoneSimulator.Deploy.0 = Release|Any CPU
		{23ED0A72-A632-479C-B615-ED9858FE76FB}.Debug|Any CPU.ActiveCfg = Debug|iPhoneSimulator
		{23ED0A72-A632-479C-B615-ED9858FE76FB}.Debug|Any CPU.Build.0 = Debug|iPhoneSimulator
		{23ED0A72-A632-479C-B615-ED9858FE76FB}.Debug|Any CPU.Deploy.0 = Debug|iPhoneSimulator
		{23ED0A72-A632-479C-B615-ED9858FE76FB}.Debug|iPhone.ActiveCfg = Debug|iPhone
		{23ED0A72-A632-479C-B615-ED9858FE76FB}.Debug|iPhone.Build.0 = Debug|iPhone
		{23ED0A72-A632-479C-B615-ED9858FE76FB}.Debug|iPhone.Deploy.0 = Debug|iPhone
		{23ED0A72-A632-479C-B615-ED9858FE76FB}.Debug|iPhoneSimulator.ActiveCfg = Debug|iPhoneSimulator
		{23ED0A72-A632-479C-B615-ED9858FE76FB}.Debug|iPhoneSimulator.Build.0 = Debug|iPhoneSimulator
		{23ED0A72-A632-479C-B615-ED9858FE76FB}.Debug|iPhoneSimulator.Deploy.0 = Debug|iPhoneSimulator
		{23ED0A72-A632-479C-B615-ED9858FE76FB}.Release|Any CPU.ActiveCfg = Release|iPhone
		{23ED0A72-A632-479C-B615-ED9858FE76FB}.Release|Any CPU.Build.0 = Release|iPhone
		{23ED0A72-A632-479C-B615-ED9858FE76FB}.Release|Any CPU.Deploy.0 = Release|iPhone
		{23ED0A72-A632-479C-B615-ED9858FE76FB}.Release|iPhone.ActiveCfg = Release|iPhone
		{23ED0A72-A632-479C-B615-ED9858FE76FB}.Release|iPhone.Build.0 = Release|iPhone
		{23ED0A72-A632-479C-B615-ED9858FE76FB}.Release|iPhone.Deploy.0 = Release|iPhone
		{23ED0A72-A632-479C-B615-ED9858FE76FB}.Release|iPhoneSimulator.ActiveCfg = Release|iPhoneSimulator
		{23ED0A72-A632-479C-B615-ED9858FE76FB}.Release|iPhoneSimulator.Build.0 = Release|iPhoneSimulator
		{23ED0A72-A632-479C-B615-ED9858FE76FB}.Release|iPhoneSimulator.Deploy.0 = Release|iPhoneSimulator
		{082F29D5-C122-4AED-98CB-1294A96FE9C5}.Debug|Any CPU.ActiveCfg = Debug|Any CPU
		{082F29D5-C122-4AED-98CB-1294A96FE9C5}.Debug|Any CPU.Build.0 = Debug|Any CPU
		{082F29D5-C122-4AED-98CB-1294A96FE9C5}.Debug|Any CPU.Deploy.0 = Debug|Any CPU
		{082F29D5-C122-4AED-98CB-1294A96FE9C5}.Debug|iPhone.ActiveCfg = Debug|Any CPU
		{082F29D5-C122-4AED-98CB-1294A96FE9C5}.Debug|iPhone.Build.0 = Debug|Any CPU
		{082F29D5-C122-4AED-98CB-1294A96FE9C5}.Debug|iPhone.Deploy.0 = Debug|Any CPU
		{082F29D5-C122-4AED-98CB-1294A96FE9C5}.Debug|iPhoneSimulator.ActiveCfg = Debug|Any CPU
		{082F29D5-C122-4AED-98CB-1294A96FE9C5}.Debug|iPhoneSimulator.Build.0 = Debug|Any CPU
		{082F29D5-C122-4AED-98CB-1294A96FE9C5}.Debug|iPhoneSimulator.Deploy.0 = Debug|Any CPU
		{082F29D5-C122-4AED-98CB-1294A96FE9C5}.Release|Any CPU.ActiveCfg = Release|Any CPU
		{082F29D5-C122-4AED-98CB-1294A96FE9C5}.Release|Any CPU.Build.0 = Release|Any CPU
		{082F29D5-C122-4AED-98CB-1294A96FE9C5}.Release|Any CPU.Deploy.0 = Release|Any CPU
		{082F29D5-C122-4AED-98CB-1294A96FE9C5}.Release|iPhone.ActiveCfg = Release|Any CPU
		{082F29D5-C122-4AED-98CB-1294A96FE9C5}.Release|iPhone.Build.0 = Release|Any CPU
		{082F29D5-C122-4AED-98CB-1294A96FE9C5}.Release|iPhone.Deploy.0 = Release|Any CPU
		{082F29D5-C122-4AED-98CB-1294A96FE9C5}.Release|iPhoneSimulator.ActiveCfg = Release|Any CPU
		{082F29D5-C122-4AED-98CB-1294A96FE9C5}.Release|iPhoneSimulator.Build.0 = Release|Any CPU
		{082F29D5-C122-4AED-98CB-1294A96FE9C5}.Release|iPhoneSimulator.Deploy.0 = Release|Any CPU
	EndGlobalSection
	GlobalSection(SolutionProperties) = preSolution
		HideSolutionNode = FALSE
	EndGlobalSection
	GlobalSection(ExtensibilityGlobals) = postSolution
		SolutionGuid = {17CAC6B3-7E64-4CD7-A01F-81EF04F56B51}
	EndGlobalSection
EndGlobal
